{
  "name": "js_backup",
  "version": "1.0.0",
  "lockfileVersion": 2,
  "requires": true,
  "packages": {
    "": {
      "name": "js_backup",
      "version": "1.0.0",
      "license": "ISC",
      "dependencies": {
        "cron": "^2.3.0",
        "dotenv": "^16.0.3",
        "rsync": "^0.6.1"
      }
    },
    "node_modules/cron": {
      "version": "2.3.0",
      "resolved": "https://registry.npmjs.org/cron/-/cron-2.3.0.tgz",
      "integrity": "sha512-ZN5HP8zDY41sJolMsbc+GksRATcbvkPKF5wR/qc8FrV4NBVi9ORQa1HmYa5GydaysUB80X9XpRlRkooa5uEtTA==",
      "dependencies": {
        "luxon": "^3.2.1"
      }
    },
    "node_modules/dotenv": {
      "version": "16.0.3",
      "resolved": "https://registry.npmjs.org/dotenv/-/dotenv-16.0.3.tgz",
      "integrity": "sha512-7GO6HghkA5fYG9TYnNxi14/7K9f5occMlp3zXAuSxn7CKCxt9xbNWG7yF8hTCSUchlfWSe3uLmlPfigevRItzQ==",
      "engines": {
        "node": ">=12"
      }
    },
    "node_modules/luxon": {
      "version": "3.3.0",
      "resolved": "https://registry.npmjs.org/luxon/-/luxon-3.3.0.tgz",
      "integrity": "sha512-An0UCfG/rSiqtAIiBPO0Y9/zAnHUZxAMiCpTd5h2smgsj7GGmcenvrvww2cqNA8/4A5ZrD1gJpHN2mIHZQF+Mg==",
      "engines": {
        "node": ">=12"
      }
    },
    "node_modules/rsync": {
      "version": "0.6.1",
      "resolved": "https://registry.npmjs.org/rsync/-/rsync-0.6.1.tgz",
      "integrity": "sha512-39HcwWuM67CQ9tHloazShXWUOWa2m3SGqX6XQhQMSj0VCQMkSI9PodoxM7/+hKf2p4v2umbhfoarYqd1gwII/w=="
    }
  },
  "dependencies": {
    "cron": {
      "version": "2.3.0",
      "resolved": "https://registry.npmjs.org/cron/-/cron-2.3.0.tgz",
      "integrity": "sha512-ZN5HP8zDY41sJolMsbc+GksRATcbvkPKF5wR/qc8FrV4NBVi9ORQa1HmYa5GydaysUB80X9XpRlRkooa5uEtTA==",
      "requires": {
        "luxon": "^3.2.1"
      }
    },
    "dotenv": {
      "version": "16.0.3",
      "resolved": "https://registry.npmjs.org/dotenv/-/dotenv-16.0.3.tgz",
      "integrity": "sha512-7GO6HghkA5fYG9TYnNxi14/7K9f5occMlp3zXAuSxn7CKCxt9xbNWG7yF8hTCSUchlfWSe3uLmlPfigevRItzQ=="
    },
    "luxon": {
      "version": "3.3.0",
      "resolved": "https://registry.npmjs.org/luxon/-/luxon-3.3.0.tgz",
      "integrity": "sha512-An0UCfG/rSiqtAIiBPO0Y9/zAnHUZxAMiCpTd5h2smgsj7GGmcenvrvww2cqNA8/4A5ZrD1gJpHN2mIHZQF+Mg=="
    },
    "rsync": {
      "version": "0.6.1",
      "resolved": "https://registry.npmjs.org/rsync/-/rsync-0.6.1.tgz",
      "integrity": "sha512-39HcwWuM67CQ9tHloazShXWUOWa2m3SGqX6XQhQMSj0VCQMkSI9PodoxM7/+hKf2p4v2umbhfoarYqd1gwII/w=="
    }
  }
}
